{
  "name": "edit-test",
  "lockfileVersion": 3,
  "requires": true,
  "packages": {
    "": {
      "devDependencies": {
        "install": "^0.13.0",
        "typescri": "^1.0.4",
        "typescript": "^5.9.0-dev.20250406",
        "typescriptnpm": "^1.0.1"
      }
    },
    "node_modules/axios": {
      "version": "0.24.0",
      "resolved": "https://registry.npmjs.org/axios/-/axios-0.24.0.tgz",
      "integrity": "sha512-Q6cWsys88HoPgAaFAVUb0WpPk0O8iTeisR9IMqy9G8AbO4NlpVknrnQS03zzF9PGAWgO3cgletO3VjV/P7VztA==",
      "dev": true,
      "dependencies": {
        "follow-redirects": "^1.14.4"
      }
    },
    "node_modules/follow-redirects": {
      "version": "1.15.9",
      "resolved": "https://registry.npmjs.org/follow-redirects/-/follow-redirects-1.15.9.tgz",
      "integrity": "sha512-gew4GsXizNgdoRyqmyfMHyAmXsZDk6mHkSxZFCzW9gwlbtOW44CDtYavM+y+72qD/Vq2l550kMF52DT8fOLJqQ==",
      "dev": true,
      "funding": [
        {
          "type": "individual",
          "url": "https://github.com/sponsors/RubenVerborgh"
        }
      ],
      "engines": {
        "node": ">=4.0"
      },
      "peerDependenciesMeta": {
        "debug": {
          "optional": true
        }
      }
    },
    "node_modules/install": {
      "version": "0.13.0",
      "resolved": "https://registry.npmjs.org/install/-/install-0.13.0.tgz",
      "integrity": "sha512-zDml/jzr2PKU9I8J/xyZBQn8rPCAY//UOYNmR01XwNwyfhEWObo2SWfSl1+0tm1u6PhxLwDnfsT/6jB7OUxqFA==",
      "dev": true,
      "engines": {
        "node": ">= 0.10"
      }
    },
    "node_modules/pluralize": {
      "version": "7.0.0",
      "resolved": "https://registry.npmjs.org/pluralize/-/pluralize-7.0.0.tgz",
      "integrity": "sha512-ARhBOdzS3e41FbkW/XWrTEtukqqLoK5+Z/4UeDaLuSW+39JPeFgs4gCGqsrJHVZX0fUrx//4OF0K1CUGwlIFow==",
      "dev": true,
      "engines": {
        "node": ">=4"
      }
    },
    
    "node_modules/typescript": {
      "version": "5.9.0-dev.20250406",
      "resolved": "https://registry.npmjs.org/typescript/-/typescript-5.9.0-dev.20250406.tgz",
      "integrity": "sha512-wmbVe2nbuGo6aSmqXngKbLvqHgtT2O0eHphbCCwk0FvFswJOpH+LOtXEwbZiMq7nP83at8OfGOun439uuHelbA==",
      "dev": true,
      "bin": {
        "tsc": "bin/tsc",
        "tsserver": "bin/tsserver"
      },
      "engines": {
        "node": ">=14.17"
      }
    },
    "node_modules/typescriptnpm": {
      "version": "1.0.1",
      "resolved": "https://registry.npmjs.org/typescriptnpm/-/typescriptnpm-1.0.1.tgz",
      "integrity": "sha512-psdmRRptQtayK1UqvZd4cmYTdjs3wUdtbHRitH0EX3Jxy4GD0+HkzUqBshy8Bb30O8TMFtl2ch7rCz1hh4l87w==",
      "dev": true,
      "dependencies": {
        "pluralize": "^7.0.0"
      }
    }
  }
}
